// !$*UTF8*$!
{
	archiveVersion = 1;
	classes = {
	};
	objectVersion = 55;
	objects = {

/* Begin PBXBuildFile section */
		790EAE762853CAC300DCC382 /* PaintView.swift in Sources */ = {isa = PBXBuildFile; fileRef = 790EAE752853CAC300DCC382 /* PaintView.swift */; };
		790EAE782854972900DCC382 /* FruitsListView.swift in Sources */ = {isa = PBXBuildFile; fileRef = 790EAE772854972900DCC382 /* FruitsListView.swift */; };
		790EAE7A2854974C00DCC382 /* FruitCardView.swift in Sources */ = {isa = PBXBuildFile; fileRef = 790EAE792854974C00DCC382 /* FruitCardView.swift */; };
		793E294027EE36BA00405539 /* DishesView.swift in Sources */ = {isa = PBXBuildFile; fileRef = 793E293F27EE36BA00405539 /* DishesView.swift */; };
		793E294227EE57CD00405539 /* FactsView.swift in Sources */ = {isa = PBXBuildFile; fileRef = 793E294127EE57CD00405539 /* FactsView.swift */; };
		793E294427EF6D1500405539 /* FactModel.swift in Sources */ = {isa = PBXBuildFile; fileRef = 793E294327EF6D1500405539 /* FactModel.swift */; };
		793E294627EF6DAA00405539 /* FactData.swift in Sources */ = {isa = PBXBuildFile; fileRef = 793E294527EF6DAA00405539 /* FactData.swift */; };
		793E294827EF8E2200405539 /* RecipeModel.swift in Sources */ = {isa = PBXBuildFile; fileRef = 793E294727EF8E2200405539 /* RecipeModel.swift */; };
		793E294A27EF8EF700405539 /* RecipeData.swift in Sources */ = {isa = PBXBuildFile; fileRef = 793E294927EF8EF700405539 /* RecipeData.swift */; };
		793E294C27EF8F9B00405539 /* RecipeCardView.swift in Sources */ = {isa = PBXBuildFile; fileRef = 793E294B27EF8F9B00405539 /* RecipeCardView.swift */; };
		793E294E27F01CB400405539 /* RipeningModel.swift in Sources */ = {isa = PBXBuildFile; fileRef = 793E294D27F01CB400405539 /* RipeningModel.swift */; };
		793E295027F01D4200405539 /* RipeningData.swift in Sources */ = {isa = PBXBuildFile; fileRef = 793E294F27F01D4200405539 /* RipeningData.swift */; };
		7966A1AE279B3AEC00C4FDEE /* HeaderView.swift in Sources */ = {isa = PBXBuildFile; fileRef = 7966A1AD279B3AEC00C4FDEE /* HeaderView.swift */; };
		7966A1B0279B543E00C4FDEE /* HeaderModel.swift in Sources */ = {isa = PBXBuildFile; fileRef = 7966A1AF279B543E00C4FDEE /* HeaderModel.swift */; };
		7966A1B2279B551900C4FDEE /* HeaderData.swift in Sources */ = {isa = PBXBuildFile; fileRef = 7966A1B1279B551900C4FDEE /* HeaderData.swift */; };
		7996A58A27909BCF00B0874C /* AvocadoApp.swift in Sources */ = {isa = PBXBuildFile; fileRef = 7996A58927909BCF00B0874C /* AvocadoApp.swift */; };
		7996A58C27909BCF00B0874C /* ContentView.swift in Sources */ = {isa = PBXBuildFile; fileRef = 7996A58B27909BCF00B0874C /* ContentView.swift */; };
		7996A58E27909BD000B0874C /* Assets.xcassets in Resources */ = {isa = PBXBuildFile; fileRef = 7996A58D27909BD000B0874C /* Assets.xcassets */; };
		7996A59127909BD000B0874C /* Preview Assets.xcassets in Resources */ = {isa = PBXBuildFile; fileRef = 7996A59027909BD000B0874C /* Preview Assets.xcassets */; };
		7996A59B27909BD000B0874C /* AvocadoTests.swift in Sources */ = {isa = PBXBuildFile; fileRef = 7996A59A27909BD000B0874C /* AvocadoTests.swift */; };
		7996A5A527909BD000B0874C /* AvocadoUITests.swift in Sources */ = {isa = PBXBuildFile; fileRef = 7996A5A427909BD000B0874C /* AvocadoUITests.swift */; };
		7996A5A727909BD000B0874C /* AvocadoUITestsLaunchTests.swift in Sources */ = {isa = PBXBuildFile; fileRef = 7996A5A627909BD000B0874C /* AvocadoUITestsLaunchTests.swift */; };
		7996A5B92790A42000B0874C /* AvocadoView.swift in Sources */ = {isa = PBXBuildFile; fileRef = 7996A5B82790A42000B0874C /* AvocadoView.swift */; };
		7996A5BB2790A44600B0874C /* RipeningView.swift in Sources */ = {isa = PBXBuildFile; fileRef = 7996A5BA2790A44600B0874C /* RipeningView.swift */; };
		7996A5BD2790A45500B0874C /* SettingsView.swift in Sources */ = {isa = PBXBuildFile; fileRef = 7996A5BC2790A45500B0874C /* SettingsView.swift */; };
		7996A5BF2790A4A300B0874C /* MainView.swift in Sources */ = {isa = PBXBuildFile; fileRef = 7996A5BE2790A4A300B0874C /* MainView.swift */; };
		79D71A4F27F8CC9F00D827FE /* RecipeRatingView.swift in Sources */ = {isa = PBXBuildFile; fileRef = 79D71A4E27F8CC9F00D827FE /* RecipeRatingView.swift */; };
		79D71A5127F8CD6E00D827FE /* RecipeCookingView.swift in Sources */ = {isa = PBXBuildFile; fileRef = 79D71A5027F8CD6E00D827FE /* RecipeCookingView.swift */; };
		79D71A5327F8CE0100D827FE /* RecipeDetailView.swift in Sources */ = {isa = PBXBuildFile; fileRef = 79D71A5227F8CE0100D827FE /* RecipeDetailView.swift */; };
		79D71A5527FA194700D827FE /* RipeningStageView.swift in Sources */ = {isa = PBXBuildFile; fileRef = 79D71A5427FA194700D827FE /* RipeningStageView.swift */; };
/* End PBXBuildFile section */

/* Begin PBXContainerItemProxy section */
		7996A59727909BD000B0874C /* PBXContainerItemProxy */ = {
			isa = PBXContainerItemProxy;
			containerPortal = 7996A57E27909BCF00B0874C /* Project object */;
			proxyType = 1;
			remoteGlobalIDString = 7996A58527909BCF00B0874C;
			remoteInfo = Avocado;
		};
		7996A5A127909BD000B0874C /* PBXContainerItemProxy */ = {
			isa = PBXContainerItemProxy;
			containerPortal = 7996A57E27909BCF00B0874C /* Project object */;
			proxyType = 1;
			remoteGlobalIDString = 7996A58527909BCF00B0874C;
			remoteInfo = Avocado;
		};
/* End PBXContainerItemProxy section */

/* Begin PBXFileReference section */
		790EAE752853CAC300DCC382 /* PaintView.swift */ = {isa = PBXFileReference; lastKnownFileType = sourcecode.swift; path = PaintView.swift; sourceTree = "<group>"; };
		790EAE772854972900DCC382 /* FruitsListView.swift */ = {isa = PBXFileReference; lastKnownFileType = sourcecode.swift; path = FruitsListView.swift; sourceTree = "<group>"; };
		790EAE792854974C00DCC382 /* FruitCardView.swift */ = {isa = PBXFileReference; lastKnownFileType = sourcecode.swift; path = FruitCardView.swift; sourceTree = "<group>"; };
		793E293F27EE36BA00405539 /* DishesView.swift */ = {isa = PBXFileReference; lastKnownFileType = sourcecode.swift; path = DishesView.swift; sourceTree = "<group>"; };
		793E294127EE57CD00405539 /* FactsView.swift */ = {isa = PBXFileReference; lastKnownFileType = sourcecode.swift; path = FactsView.swift; sourceTree = "<group>"; };
		793E294327EF6D1500405539 /* FactModel.swift */ = {isa = PBXFileReference; lastKnownFileType = sourcecode.swift; path = FactModel.swift; sourceTree = "<group>"; };
		793E294527EF6DAA00405539 /* FactData.swift */ = {isa = PBXFileReference; lastKnownFileType = sourcecode.swift; path = FactData.swift; sourceTree = "<group>"; };
		793E294727EF8E2200405539 /* RecipeModel.swift */ = {isa = PBXFileReference; lastKnownFileType = sourcecode.swift; path = RecipeModel.swift; sourceTree = "<group>"; };
		793E294927EF8EF700405539 /* RecipeData.swift */ = {isa = PBXFileReference; lastKnownFileType = sourcecode.swift; path = RecipeData.swift; sourceTree = "<group>"; };
		793E294B27EF8F9B00405539 /* RecipeCardView.swift */ = {isa = PBXFileReference; lastKnownFileType = sourcecode.swift; path = RecipeCardView.swift; sourceTree = "<group>"; };
		793E294D27F01CB400405539 /* RipeningModel.swift */ = {isa = PBXFileReference; lastKnownFileType = sourcecode.swift; path = RipeningModel.swift; sourceTree = "<group>"; };
		793E294F27F01D4200405539 /* RipeningData.swift */ = {isa = PBXFileReference; lastKnownFileType = sourcecode.swift; path = RipeningData.swift; sourceTree = "<group>"; };
		7966A1AD279B3AEC00C4FDEE /* HeaderView.swift */ = {isa = PBXFileReference; lastKnownFileType = sourcecode.swift; path = HeaderView.swift; sourceTree = "<group>"; };
		7966A1AF279B543E00C4FDEE /* HeaderModel.swift */ = {isa = PBXFileReference; lastKnownFileType = sourcecode.swift; path = HeaderModel.swift; sourceTree = "<group>"; };
		7966A1B1279B551900C4FDEE /* HeaderData.swift */ = {isa = PBXFileReference; lastKnownFileType = sourcecode.swift; path = HeaderData.swift; sourceTree = "<group>"; };
		7996A58627909BCF00B0874C /* Avocado.app */ = {isa = PBXFileReference; explicitFileType = wrapper.application; includeInIndex = 0; path = Avocado.app; sourceTree = BUILT_PRODUCTS_DIR; };
		7996A58927909BCF00B0874C /* AvocadoApp.swift */ = {isa = PBXFileReference; lastKnownFileType = sourcecode.swift; path = AvocadoApp.swift; sourceTree = "<group>"; };
		7996A58B27909BCF00B0874C /* ContentView.swift */ = {isa = PBXFileReference; lastKnownFileType = sourcecode.swift; path = ContentView.swift; sourceTree = "<group>"; };
		7996A58D27909BD000B0874C /* Assets.xcassets */ = {isa = PBXFileReference; lastKnownFileType = folder.assetcatalog; path = Assets.xcassets; sourceTree = "<group>"; };
		7996A59027909BD000B0874C /* Preview Assets.xcassets */ = {isa = PBXFileReference; lastKnownFileType = folder.assetcatalog; path = "Preview Assets.xcassets"; sourceTree = "<group>"; };
		7996A59627909BD000B0874C /* AvocadoTests.xctest */ = {isa = PBXFileReference; explicitFileType = wrapper.cfbundle; includeInIndex = 0; path = AvocadoTests.xctest; sourceTree = BUILT_PRODUCTS_DIR; };
		7996A59A27909BD000B0874C /* AvocadoTests.swift */ = {isa = PBXFileReference; lastKnownFileType = sourcecode.swift; path = AvocadoTests.swift; sourceTree = "<group>"; };
		7996A5A027909BD000B0874C /* AvocadoUITests.xctest */ = {isa = PBXFileReference; explicitFileType = wrapper.cfbundle; includeInIndex = 0; path = AvocadoUITests.xctest; sourceTree = BUILT_PRODUCTS_DIR; };
		7996A5A427909BD000B0874C /* AvocadoUITests.swift */ = {isa = PBXFileReference; lastKnownFileType = sourcecode.swift; path = AvocadoUITests.swift; sourceTree = "<group>"; };
		7996A5A627909BD000B0874C /* AvocadoUITestsLaunchTests.swift */ = {isa = PBXFileReference; lastKnownFileType = sourcecode.swift; path = AvocadoUITestsLaunchTests.swift; sourceTree = "<group>"; };
		7996A5B32790A28100B0874C /* Info.plist */ = {isa = PBXFileReference; lastKnownFileType = text.plist; path = Info.plist; sourceTree = "<group>"; };
		7996A5B82790A42000B0874C /* AvocadoView.swift */ = {isa = PBXFileReference; lastKnownFileType = sourcecode.swift; path = AvocadoView.swift; sourceTree = "<group>"; };
		7996A5BA2790A44600B0874C /* RipeningView.swift */ = {isa = PBXFileReference; lastKnownFileType = sourcecode.swift; path = RipeningView.swift; sourceTree = "<group>"; };
		7996A5BC2790A45500B0874C /* SettingsView.swift */ = {isa = PBXFileReference; lastKnownFileType = sourcecode.swift; path = SettingsView.swift; sourceTree = "<group>"; };
		7996A5BE2790A4A300B0874C /* MainView.swift */ = {isa = PBXFileReference; lastKnownFileType = sourcecode.swift; path = MainView.swift; sourceTree = "<group>"; };
		79D71A4E27F8CC9F00D827FE /* RecipeRatingView.swift */ = {isa = PBXFileReference; lastKnownFileType = sourcecode.swift; path = RecipeRatingView.swift; sourceTree = "<group>"; };
		79D71A5027F8CD6E00D827FE /* RecipeCookingView.swift */ = {isa = PBXFileReference; lastKnownFileType = sourcecode.swift; path = RecipeCookingView.swift; sourceTree = "<group>"; };
		79D71A5227F8CE0100D827FE /* RecipeDetailView.swift */ = {isa = PBXFileReference; lastKnownFileType = sourcecode.swift; path = RecipeDetailView.swift; sourceTree = "<group>"; };
		79D71A5427FA194700D827FE /* RipeningStageView.swift */ = {isa = PBXFileReference; lastKnownFileType = sourcecode.swift; path = RipeningStageView.swift; sourceTree = "<group>"; };
/* End PBXFileReference section */

/* Begin PBXFrameworksBuildPhase section */
		7996A58327909BCF00B0874C /* Frameworks */ = {
			isa = PBXFrameworksBuildPhase;
			buildActionMask = 2147483647;
			files = (
			);
			runOnlyForDeploymentPostprocessing = 0;
		};
		7996A59327909BD000B0874C /* Frameworks */ = {
			isa = PBXFrameworksBuildPhase;
			buildActionMask = 2147483647;
			files = (
			);
			runOnlyForDeploymentPostprocessing = 0;
		};
		7996A59D27909BD000B0874C /* Frameworks */ = {
			isa = PBXFrameworksBuildPhase;
			buildActionMask = 2147483647;
			files = (
			);
			runOnlyForDeploymentPostprocessing = 0;
		};
/* End PBXFrameworksBuildPhase section */

/* Begin PBXGroup section */
		7996A57D27909BCF00B0874C = {
			isa = PBXGroup;
			children = (
				7996A58827909BCF00B0874C /* Avocado */,
				7996A59927909BD000B0874C /* AvocadoTests */,
				7996A5A327909BD000B0874C /* AvocadoUITests */,
				7996A58727909BCF00B0874C /* Products */,
			);
			sourceTree = "<group>";
		};
		7996A58727909BCF00B0874C /* Products */ = {
			isa = PBXGroup;
			children = (
				7996A58627909BCF00B0874C /* Avocado.app */,
				7996A59627909BD000B0874C /* AvocadoTests.xctest */,
				7996A5A027909BD000B0874C /* AvocadoUITests.xctest */,
			);
			name = Products;
			sourceTree = "<group>";
		};
		7996A58827909BCF00B0874C /* Avocado */ = {
			isa = PBXGroup;
			children = (
				7996A5B72790A3B600B0874C /* View */,
				7996A5B62790A3AF00B0874C /* Model */,
				7996A5B52790A3A800B0874C /* App */,
				7996A5B42790A3A000B0874C /* Data */,
				7996A5B32790A28100B0874C /* Info.plist */,
				7996A58D27909BD000B0874C /* Assets.xcassets */,
				7996A58F27909BD000B0874C /* Preview Content */,
			);
			path = Avocado;
			sourceTree = "<group>";
		};
		7996A58F27909BD000B0874C /* Preview Content */ = {
			isa = PBXGroup;
			children = (
				7996A59027909BD000B0874C /* Preview Assets.xcassets */,
			);
			path = "Preview Content";
			sourceTree = "<group>";
		};
		7996A59927909BD000B0874C /* AvocadoTests */ = {
			isa = PBXGroup;
			children = (
				7996A59A27909BD000B0874C /* AvocadoTests.swift */,
			);
			path = AvocadoTests;
			sourceTree = "<group>";
		};
		7996A5A327909BD000B0874C /* AvocadoUITests */ = {
			isa = PBXGroup;
			children = (
				7996A5A427909BD000B0874C /* AvocadoUITests.swift */,
				7996A5A627909BD000B0874C /* AvocadoUITestsLaunchTests.swift */,
			);
			path = AvocadoUITests;
			sourceTree = "<group>";
		};
		7996A5B42790A3A000B0874C /* Data */ = {
			isa = PBXGroup;
			children = (
				7966A1B1279B551900C4FDEE /* HeaderData.swift */,
				793E294527EF6DAA00405539 /* FactData.swift */,
				793E294927EF8EF700405539 /* RecipeData.swift */,
				793E294F27F01D4200405539 /* RipeningData.swift */,
			);
			path = Data;
			sourceTree = "<group>";
		};
		7996A5B52790A3A800B0874C /* App */ = {
			isa = PBXGroup;
			children = (
				7996A58927909BCF00B0874C /* AvocadoApp.swift */,
			);
			path = App;
			sourceTree = "<group>";
		};
		7996A5B62790A3AF00B0874C /* Model */ = {
			isa = PBXGroup;
			children = (
				7966A1AF279B543E00C4FDEE /* HeaderModel.swift */,
				793E294327EF6D1500405539 /* FactModel.swift */,
				793E294727EF8E2200405539 /* RecipeModel.swift */,
				793E294D27F01CB400405539 /* RipeningModel.swift */,
			);
			path = Model;
			sourceTree = "<group>";
		};
		7996A5B72790A3B600B0874C /* View */ = {
			isa = PBXGroup;
			children = (
				7996A58B27909BCF00B0874C /* ContentView.swift */,
				7996A5B82790A42000B0874C /* AvocadoView.swift */,
				7996A5BA2790A44600B0874C /* RipeningView.swift */,
				7996A5BC2790A45500B0874C /* SettingsView.swift */,
				7996A5BE2790A4A300B0874C /* MainView.swift */,
				7966A1AD279B3AEC00C4FDEE /* HeaderView.swift */,
				793E293F27EE36BA00405539 /* DishesView.swift */,
				793E294127EE57CD00405539 /* FactsView.swift */,
				793E294B27EF8F9B00405539 /* RecipeCardView.swift */,
				79D71A4E27F8CC9F00D827FE /* RecipeRatingView.swift */,
				79D71A5027F8CD6E00D827FE /* RecipeCookingView.swift */,
				79D71A5227F8CE0100D827FE /* RecipeDetailView.swift */,
				79D71A5427FA194700D827FE /* RipeningStageView.swift */,
				790EAE752853CAC300DCC382 /* PaintView.swift */,
				790EAE772854972900DCC382 /* FruitsListView.swift */,
				790EAE792854974C00DCC382 /* FruitCardView.swift */,
			);
			path = View;
			sourceTree = "<group>";
		};
/* End PBXGroup section */

/* Begin PBXNativeTarget section */
		7996A58527909BCF00B0874C /* Avocado */ = {
			isa = PBXNativeTarget;
			buildConfigurationList = 7996A5AA27909BD000B0874C /* Build configuration list for PBXNativeTarget "Avocado" */;
			buildPhases = (
				7996A58227909BCF00B0874C /* Sources */,
				7996A58327909BCF00B0874C /* Frameworks */,
				7996A58427909BCF00B0874C /* Resources */,
			);
			buildRules = (
			);
			dependencies = (
			);
			name = Avocado;
			productName = Avocado;
			productReference = 7996A58627909BCF00B0874C /* Avocado.app */;
			productType = "com.apple.product-type.application";
		};
		7996A59527909BD000B0874C /* AvocadoTests */ = {
			isa = PBXNativeTarget;
			buildConfigurationList = 7996A5AD27909BD000B0874C /* Build configuration list for PBXNativeTarget "AvocadoTests" */;
			buildPhases = (
				7996A59227909BD000B0874C /* Sources */,
				7996A59327909BD000B0874C /* Frameworks */,
				7996A59427909BD000B0874C /* Resources */,
			);
			buildRules = (
			);
			dependencies = (
				7996A59827909BD000B0874C /* PBXTargetDependency */,
			);
			name = AvocadoTests;
			productName = AvocadoTests;
			productReference = 7996A59627909BD000B0874C /* AvocadoTests.xctest */;
			productType = "com.apple.product-type.bundle.unit-test";
		};
		7996A59F27909BD000B0874C /* AvocadoUITests */ = {
			isa = PBXNativeTarget;
			buildConfigurationList = 7996A5B027909BD000B0874C /* Build configuration list for PBXNativeTarget "AvocadoUITests" */;
			buildPhases = (
				7996A59C27909BD000B0874C /* Sources */,
				7996A59D27909BD000B0874C /* Frameworks */,
				7996A59E27909BD000B0874C /* Resources */,
			);
			buildRules = (
			);
			dependencies = (
				7996A5A227909BD000B0874C /* PBXTargetDependency */,
			);
			name = AvocadoUITests;
			productName = AvocadoUITests;
			productReference = 7996A5A027909BD000B0874C /* AvocadoUITests.xctest */;
			productType = "com.apple.product-type.bundle.ui-testing";
		};
/* End PBXNativeTarget section */

/* Begin PBXProject section */
		7996A57E27909BCF00B0874C /* Project object */ = {
			isa = PBXProject;
			attributes = {
				BuildIndependentTargetsInParallel = 1;
				LastSwiftUpdateCheck = 1320;
				LastUpgradeCheck = 1320;
				TargetAttributes = {
					7996A58527909BCF00B0874C = {
						CreatedOnToolsVersion = 13.2.1;
					};
					7996A59527909BD000B0874C = {
						CreatedOnToolsVersion = 13.2.1;
						TestTargetID = 7996A58527909BCF00B0874C;
					};
					7996A59F27909BD000B0874C = {
						CreatedOnToolsVersion = 13.2.1;
						TestTargetID = 7996A58527909BCF00B0874C;
					};
				};
			};
			buildConfigurationList = 7996A58127909BCF00B0874C /* Build configuration list for PBXProject "Avocado" */;
			compatibilityVersion = "Xcode 13.0";
			developmentRegion = en;
			hasScannedForEncodings = 0;
			knownRegions = (
				en,
				Base,
			);
			mainGroup = 7996A57D27909BCF00B0874C;
			productRefGroup = 7996A58727909BCF00B0874C /* Products */;
			projectDirPath = "";
			projectRoot = "";
			targets = (
				7996A58527909BCF00B0874C /* Avocado */,
				7996A59527909BD000B0874C /* AvocadoTests */,
				7996A59F27909BD000B0874C /* AvocadoUITests */,
			);
		};
/* End PBXProject section */

/* Begin PBXResourcesBuildPhase section */
		7996A58427909BCF00B0874C /* Resources */ = {
			isa = PBXResourcesBuildPhase;
			buildActionMask = 2147483647;
			files = (
				7996A59127909BD000B0874C /* Preview Assets.xcassets in Resources */,
				7996A58E27909BD000B0874C /* Assets.xcassets in Resources */,
			);
			runOnlyForDeploymentPostprocessing = 0;
		};
		7996A59427909BD000B0874C /* Resources */ = {
			isa = PBXResourcesBuildPhase;
			buildActionMask = 2147483647;
			files = (
			);
			runOnlyForDeploymentPostprocessing = 0;
		};
		7996A59E27909BD000B0874C /* Resources */ = {
			isa = PBXResourcesBuildPhase;
			buildActionMask = 2147483647;
			files = (
			);
			runOnlyForDeploymentPostprocessing = 0;
		};
/* End PBXResourcesBuildPhase section */

/* Begin PBXSourcesBuildPhase section */
		7996A58227909BCF00B0874C /* Sources */ = {
			isa = PBXSourcesBuildPhase;
			buildActionMask = 2147483647;
			files = (
				7996A5BD2790A45500B0874C /* SettingsView.swift in Sources */,
				7996A5BF2790A4A300B0874C /* MainView.swift in Sources */,
				7996A58C27909BCF00B0874C /* ContentView.swift in Sources */,
				7996A5BB2790A44600B0874C /* RipeningView.swift in Sources */,
				7996A5B92790A42000B0874C /* AvocadoView.swift in Sources */,
				7996A58A27909BCF00B0874C /* AvocadoApp.swift in Sources */,
				79D71A5327F8CE0100D827FE /* RecipeDetailView.swift in Sources */,
				79D71A5527FA194700D827FE /* RipeningStageView.swift in Sources */,
				7966A1B0279B543E00C4FDEE /* HeaderModel.swift in Sources */,
				793E294827EF8E2200405539 /* RecipeModel.swift in Sources */,
				7966A1B2279B551900C4FDEE /* HeaderData.swift in Sources */,
				790EAE782854972900DCC382 /* FruitsListView.swift in Sources */,
				793E295027F01D4200405539 /* RipeningData.swift in Sources */,
				793E294427EF6D1500405539 /* FactModel.swift in Sources */,
				793E294027EE36BA00405539 /* DishesView.swift in Sources */,
				79D71A4F27F8CC9F00D827FE /* RecipeRatingView.swift in Sources */,
				793E294227EE57CD00405539 /* FactsView.swift in Sources */,
				790EAE7A2854974C00DCC382 /* FruitCardView.swift in Sources */,
				793E294C27EF8F9B00405539 /* RecipeCardView.swift in Sources */,
				790EAE762853CAC300DCC382 /* PaintView.swift in Sources */,
				793E294A27EF8EF700405539 /* RecipeData.swift in Sources */,
				79D71A5127F8CD6E00D827FE /* RecipeCookingView.swift in Sources */,
				7966A1AE279B3AEC00C4FDEE /* HeaderView.swift in Sources */,
				793E294E27F01CB400405539 /* RipeningModel.swift in Sources */,
				793E294627EF6DAA00405539 /* FactData.swift in Sources */,
			);
			runOnlyForDeploymentPostprocessing = 0;
		};
		7996A59227909BD000B0874C /* Sources */ = {
			isa = PBXSourcesBuildPhase;
			buildActionMask = 2147483647;
			files = (
				7996A59B27909BD000B0874C /* AvocadoTests.swift in Sources */,
			);
			runOnlyForDeploymentPostprocessing = 0;
		};
		7996A59C27909BD000B0874C /* Sources */ = {
			isa = PBXSourcesBuildPhase;
			buildActionMask = 2147483647;
			files = (
				7996A5A727909BD000B0874C /* AvocadoUITestsLaunchTests.swift in Sources */,
				7996A5A527909BD000B0874C /* AvocadoUITests.swift in Sources */,
			);
			runOnlyForDeploymentPostprocessing = 0;
		};
/* End PBXSourcesBuildPhase section */

/* Begin PBXTargetDependency section */
		7996A59827909BD000B0874C /* PBXTargetDependency */ = {
			isa = PBXTargetDependency;
			target = 7996A58527909BCF00B0874C /* Avocado */;
			targetProxy = 7996A59727909BD000B0874C /* PBXContainerItemProxy */;
		};
		7996A5A227909BD000B0874C /* PBXTargetDependency */ = {
			isa = PBXTargetDependency;
			target = 7996A58527909BCF00B0874C /* Avocado */;
			targetProxy = 7996A5A127909BD000B0874C /* PBXContainerItemProxy */;
		};
/* End PBXTargetDependency section */

/* Begin XCBuildConfiguration section */
		7996A5A827909BD000B0874C /* Debug */ = {
			isa = XCBuildConfiguration;
			buildSettings = {
				ALWAYS_SEARCH_USER_PATHS = NO;
				CLANG_ANALYZER_NONNULL = YES;
				CLANG_ANALYZER_NUMBER_OBJECT_CONVERSION = YES_AGGRESSIVE;
				CLANG_CXX_LANGUAGE_STANDARD = "gnu++17";
				CLANG_CXX_LIBRARY = "libc++";
				CLANG_ENABLE_MODULES = YES;
				CLANG_ENABLE_OBJC_ARC = YES;
				CLANG_ENABLE_OBJC_WEAK = YES;
				CLANG_WARN_BLOCK_CAPTURE_AUTORELEASING = YES;
				CLANG_WARN_BOOL_CONVERSION = YES;
				CLANG_WARN_COMMA = YES;
				CLANG_WARN_CONSTANT_CONVERSION = YES;
				CLANG_WARN_DEPRECATED_OBJC_IMPLEMENTATIONS = YES;
				CLANG_WARN_DIRECT_OBJC_ISA_USAGE = YES_ERROR;
				CLANG_WARN_DOCUMENTATION_COMMENTS = YES;
				CLANG_WARN_EMPTY_BODY = YES;
				CLANG_WARN_ENUM_CONVERSION = YES;
				CLANG_WARN_INFINITE_RECURSION = YES;
				CLANG_WARN_INT_CONVERSION = YES;
				CLANG_WARN_NON_LITERAL_NULL_CONVERSION = YES;
				CLANG_WARN_OBJC_IMPLICIT_RETAIN_SELF = YES;
				CLANG_WARN_OBJC_LITERAL_CONVERSION = YES;
				CLANG_WARN_OBJC_ROOT_CLASS = YES_ERROR;
				CLANG_WARN_QUOTED_INCLUDE_IN_FRAMEWORK_HEADER = YES;
				CLANG_WARN_RANGE_LOOP_ANALYSIS = YES;
				CLANG_WARN_STRICT_PROTOTYPES = YES;
				CLANG_WARN_SUSPICIOUS_MOVE = YES;
				CLANG_WARN_UNGUARDED_AVAILABILITY = YES_AGGRESSIVE;
				CLANG_WARN_UNREACHABLE_CODE = YES;
				CLANG_WARN__DUPLICATE_METHOD_MATCH = YES;
				COPY_PHASE_STRIP = NO;
				DEBUG_INFORMATION_FORMAT = dwarf;
				ENABLE_STRICT_OBJC_MSGSEND = YES;
				ENABLE_TESTABILITY = YES;
				GCC_C_LANGUAGE_STANDARD = gnu11;
				GCC_DYNAMIC_NO_PIC = NO;
				GCC_NO_COMMON_BLOCKS = YES;
				GCC_OPTIMIZATION_LEVEL = 0;
				GCC_PREPROCESSOR_DEFINITIONS = (
					"DEBUG=1",
					"$(inherited)",
				);
				GCC_WARN_64_TO_32_BIT_CONVERSION = YES;
				GCC_WARN_ABOUT_RETURN_TYPE = YES_ERROR;
				GCC_WARN_UNDECLARED_SELECTOR = YES;
				GCC_WARN_UNINITIALIZED_AUTOS = YES_AGGRESSIVE;
				GCC_WARN_UNUSED_FUNCTION = YES;
				GCC_WARN_UNUSED_VARIABLE = YES;
				IPHONEOS_DEPLOYMENT_TARGET = 15.2;
				MTL_ENABLE_DEBUG_INFO = INCLUDE_SOURCE;
				MTL_FAST_MATH = YES;
				ONLY_ACTIVE_ARCH = YES;
				SDKROOT = iphoneos;
				SWIFT_ACTIVE_COMPILATION_CONDITIONS = DEBUG;
				SWIFT_OPTIMIZATION_LEVEL = "-Onone";
			};
			name = Debug;
		};
		7996A5A927909BD000B0874C /* Release */ = {
			isa = XCBuildConfiguration;
			buildSettings = {
				ALWAYS_SEARCH_USER_PATHS = NO;
				CLANG_ANALYZER_NONNULL = YES;
				CLANG_ANALYZER_NUMBER_OBJECT_CONVERSION = YES_AGGRESSIVE;
				CLANG_CXX_LANGUAGE_STANDARD = "gnu++17";
				CLANG_CXX_LIBRARY = "libc++";
				CLANG_ENABLE_MODULES = YES;
				CLANG_ENABLE_OBJC_ARC = YES;
				CLANG_ENABLE_OBJC_WEAK = YES;
				CLANG_WARN_BLOCK_CAPTURE_AUTORELEASING = YES;
				CLANG_WARN_BOOL_CONVERSION = YES;
				CLANG_WARN_COMMA = YES;
				CLANG_WARN_CONSTANT_CONVERSION = YES;
				CLANG_WARN_DEPRECATED_OBJC_IMPLEMENTATIONS = YES;
				CLANG_WARN_DIRECT_OBJC_ISA_USAGE = YES_ERROR;
				CLANG_WARN_DOCUMENTATION_COMMENTS = YES;
				CLANG_WARN_EMPTY_BODY = YES;
				CLANG_WARN_ENUM_CONVERSION = YES;
				CLANG_WARN_INFINITE_RECURSION = YES;
				CLANG_WARN_INT_CONVERSION = YES;
				CLANG_WARN_NON_LITERAL_NULL_CONVERSION = YES;
				CLANG_WARN_OBJC_IMPLICIT_RETAIN_SELF = YES;
				CLANG_WARN_OBJC_LITERAL_CONVERSION = YES;
				CLANG_WARN_OBJC_ROOT_CLASS = YES_ERROR;
				CLANG_WARN_QUOTED_INCLUDE_IN_FRAMEWORK_HEADER = YES;
				CLANG_WARN_RANGE_LOOP_ANALYSIS = YES;
				CLANG_WARN_STRICT_PROTOTYPES = YES;
				CLANG_WARN_SUSPICIOUS_MOVE = YES;
				CLANG_WARN_UNGUARDED_AVAILABILITY = YES_AGGRESSIVE;
				CLANG_WARN_UNREACHABLE_CODE = YES;
				CLANG_WARN__DUPLICATE_METHOD_MATCH = YES;
				COPY_PHASE_STRIP = NO;
				DEBUG_INFORMATION_FORMAT = "dwarf-with-dsym";
				ENABLE_NS_ASSERTIONS = NO;
				ENABLE_STRICT_OBJC_MSGSEND = YES;
				GCC_C_LANGUAGE_STANDARD = gnu11;
				GCC_NO_COMMON_BLOCKS = YES;
				GCC_WARN_64_TO_32_BIT_CONVERSION = YES;
				GCC_WARN_ABOUT_RETURN_TYPE = YES_ERROR;
				GCC_WARN_UNDECLARED_SELECTOR = YES;
				GCC_WARN_UNINITIALIZED_AUTOS = YES_AGGRESSIVE;
				GCC_WARN_UNUSED_FUNCTION = YES;
				GCC_WARN_UNUSED_VARIABLE = YES;
				IPHONEOS_DEPLOYMENT_TARGET = 15.2;
				MTL_ENABLE_DEBUG_INFO = NO;
				MTL_FAST_MATH = YES;
				SDKROOT = iphoneos;
				SWIFT_COMPILATION_MODE = wholemodule;
				SWIFT_OPTIMIZATION_LEVEL = "-O";
				VALIDATE_PRODUCT = YES;
			};
			name = Release;
		};
		7996A5AB27909BD000B0874C /* Debug */ = {
			isa = XCBuildConfiguration;
			buildSettings = {
				ASSETCATALOG_COMPILER_APPICON_NAME = AppIcon;
				ASSETCATALOG_COMPILER_GLOBAL_ACCENT_COLOR_NAME = AccentColor;
				CODE_SIGN_STYLE = Automatic;
				CURRENT_PROJECT_VERSION = 1;
				DEVELOPMENT_ASSET_PATHS = "\"Avocado/Preview Content\"";
				DEVELOPMENT_TEAM = 9GDFZQUNG3;
				ENABLE_PREVIEWS = YES;
				GENERATE_INFOPLIST_FILE = YES;
				INFOPLIST_FILE = Avocado/Info.plist;
				INFOPLIST_KEY_UIApplicationSceneManifest_Generation = YES;
				INFOPLIST_KEY_UIApplicationSupportsIndirectInputEvents = YES;
				INFOPLIST_KEY_UISupportedInterfaceOrientations = UIInterfaceOrientationPortrait;
				INFOPLIST_KEY_UISupportedInterfaceOrientations_iPad = "UIInterfaceOrientationPortrait UIInterfaceOrientationPortraitUpsideDown UIInterfaceOrientationLandscapeLeft UIInterfaceOrientationLandscapeRight";
				INFOPLIST_KEY_UISupportedInterfaceOrientations_iPhone = "UIInterfaceOrientationPortrait UIInterfaceOrientationLandscapeLeft UIInterfaceOrientationLandscapeRight";
				LD_RUNPATH_SEARCH_PATHS = (
					"$(inherited)",
					"@executable_path/Frameworks",
				);
				MARKETING_VERSION = 1.0;
				PRODUCT_BUNDLE_IDENTIFIER = MMRBD.Avocado;
				PRODUCT_NAME = "$(TARGET_NAME)";
				SWIFT_EMIT_LOC_STRINGS = YES;
				SWIFT_VERSION = 5.0;
				TARGETED_DEVICE_FAMILY = "1,2";
			};
			name = Debug;
		};
		7996A5AC27909BD000B0874C /* Release */ = {
			isa = XCBuildConfiguration;
			buildSettings = {
				ASSETCATALOG_COMPILER_APPICON_NAME = AppIcon;
				ASSETCATALOG_COMPILER_GLOBAL_ACCENT_COLOR_NAME = AccentColor;
				CODE_SIGN_STYLE = Automatic;
				CURRENT_PROJECT_VERSION = 1;
				DEVELOPMENT_ASSET_PATHS = "\"Avocado/Preview Content\"";
				DEVELOPMENT_TEAM = 9GDFZQUNG3;
				ENABLE_PREVIEWS = YES;
				GENERATE_INFOPLIST_FILE = YES;
				INFOPLIST_FILE = Avocado/Info.plist;
				INFOPLIST_KEY_UIApplicationSceneManifest_Generation = YES;
				INFOPLIST_KEY_UIApplicationSupportsIndirectInputEvents = YES;
				INFOPLIST_KEY_UISupportedInterfaceOrientations = UIInterfaceOrientationPortrait;
				INFOPLIST_KEY_UISupportedInterfaceOrientations_iPad = "UIInterfaceOrientationPortrait UIInterfaceOrientationPortraitUpsideDown UIInterfaceOrientationLandscapeLeft UIInterfaceOrientationLandscapeRight";
				INFOPLIST_KEY_UISupportedInterfaceOrientations_iPhone = "UIInterfaceOrientationPortrait UIInterfaceOrientationLandscapeLeft UIInterfaceOrientationLandscapeRight";
				LD_RUNPATH_SEARCH_PATHS = (
					"$(inherited)",
					"@executable_path/Frameworks",
				);
				MARKETING_VERSION = 1.0;
				PRODUCT_BUNDLE_IDENTIFIER = MMRBD.Avocado;
				PRODUCT_NAME = "$(TARGET_NAME)";
				SWIFT_EMIT_LOC_STRINGS = YES;
				SWIFT_VERSION = 5.0;
				TARGETED_DEVICE_FAMILY = "1,2";
			};
			name = Release;
		};
		7996A5AE27909BD000B0874C /* Debug */ = {
			isa = XCBuildConfiguration;
			buildSettings = {
				ALWAYS_EMBED_SWIFT_STANDARD_LIBRARIES = YES;
				BUNDLE_LOADER = "$(TEST_HOST)";
				CODE_SIGN_STYLE = Automatic;
				CURRENT_PROJECT_VERSION = 1;
				DEVELOPMENT_TEAM = 9GDFZQUNG3;
				GENERATE_INFOPLIST_FILE = YES;
				IPHONEOS_DEPLOYMENT_TARGET = 15.2;
				MARKETING_VERSION = 1.0;
				PRODUCT_BUNDLE_IDENTIFIER = MMRBD.AvocadoTests;
				PRODUCT_NAME = "$(TARGET_NAME)";
				SWIFT_EMIT_LOC_STRINGS = NO;
				SWIFT_VERSION = 5.0;
				TARGETED_DEVICE_FAMILY = "1,2";
				TEST_HOST = "$(BUILT_PRODUCTS_DIR)/Avocado.app/Avocado";
			};
			name = Debug;
		};
		7996A5AF27909BD000B0874C /* Release */ = {
			isa = XCBuildConfiguration;
			buildSettings = {
				ALWAYS_EMBED_SWIFT_STANDARD_LIBRARIES = YES;
				BUNDLE_LOADER = "$(TEST_HOST)";
				CODE_SIGN_STYLE = Automatic;
				CURRENT_PROJECT_VERSION = 1;
				DEVELOPMENT_TEAM = 9GDFZQUNG3;
				GENERATE_INFOPLIST_FILE = YES;
				IPHONEOS_DEPLOYMENT_TARGET = 15.2;
				MARKETING_VERSION = 1.0;
				PRODUCT_BUNDLE_IDENTIFIER = MMRBD.AvocadoTests;
				PRODUCT_NAME = "$(TARGET_NAME)";
				SWIFT_EMIT_LOC_STRINGS = NO;
				SWIFT_VERSION = 5.0;
				TARGETED_DEVICE_FAMILY = "1,2";
				TEST_HOST = "$(BUILT_PRODUCTS_DIR)/Avocado.app/Avocado";
			};
			name = Release;
		};
		7996A5B127909BD000B0874C /* Debug */ = {
			isa = XCBuildConfiguration;
			buildSettings = {
				ALWAYS_EMBED_SWIFT_STANDARD_LIBRARIES = YES;
				CODE_SIGN_STYLE = Automatic;
				CURRENT_PROJECT_VERSION = 1;
				DEVELOPMENT_TEAM = 9GDFZQUNG3;
				GENERATE_INFOPLIST_FILE = YES;
				MARKETING_VERSION = 1.0;
				PRODUCT_BUNDLE_IDENTIFIER = MMRBD.AvocadoUITests;
				PRODUCT_NAME = "$(TARGET_NAME)";
				SWIFT_EMIT_LOC_STRINGS = NO;
				SWIFT_VERSION = 5.0;
				TARGETED_DEVICE_FAMILY = "1,2";
				TEST_TARGET_NAME = Avocado;
			};
			name = Debug;
		};
		7996A5B227909BD000B0874C /* Release */ = {
			isa = XCBuildConfiguration;
			buildSettings = {
				ALWAYS_EMBED_SWIFT_STANDARD_LIBRARIES = YES;
				CODE_SIGN_STYLE = Automatic;
				CURRENT_PROJECT_VERSION = 1;
				DEVELOPMENT_TEAM = 9GDFZQUNG3;
				GENERATE_INFOPLIST_FILE = YES;
				MARKETING_VERSION = 1.0;
				PRODUCT_BUNDLE_IDENTIFIER = MMRBD.AvocadoUITests;
				PRODUCT_NAME = "$(TARGET_NAME)";
				SWIFT_EMIT_LOC_STRINGS = NO;
				SWIFT_VERSION = 5.0;
				TARGETED_DEVICE_FAMILY = "1,2";
				TEST_TARGET_NAME = Avocado;
			};
			name = Release;
		};
/* End XCBuildConfiguration section */

/* Begin XCConfigurationList section */
		7996A58127909BCF00B0874C /* Build configuration list for PBXProject "Avocado" */ = {
			isa = XCConfigurationList;
			buildConfigurations = (
				7996A5A827909BD000B0874C /* Debug */,
				7996A5A927909BD000B0874C /* Release */,
			);
			defaultConfigurationIsVisible = 0;
			defaultConfigurationName = Release;
		};
		7996A5AA27909BD000B0874C /* Build configuration list for PBXNativeTarget "Avocado" */ = {
			isa = XCConfigurationList;
			buildConfigurations = (
				7996A5AB27909BD000B0874C /* Debug */,
				7996A5AC27909BD000B0874C /* Release */,
			);
			defaultConfigurationIsVisible = 0;
			defaultConfigurationName = Release;
		};
		7996A5AD27909BD000B0874C /* Build configuration list for PBXNativeTarget "AvocadoTests" */ = {
			isa = XCConfigurationList;
			buildConfigurations = (
				7996A5AE27909BD000B0874C /* Debug */,
				7996A5AF27909BD000B0874C /* Release */,
			);
			defaultConfigurationIsVisible = 0;
			defaultConfigurationName = Release;
		};
		7996A5B027909BD000B0874C /* Build configuration list for PBXNativeTarget "AvocadoUITests" */ = {
			isa = XCConfigurationList;
			buildConfigurations = (
				7996A5B127909BD000B0874C /* Debug */,
				7996A5B227909BD000B0874C /* Release */,
			);
			defaultConfigurationIsVisible = 0;
			defaultConfigurationName = Release;
		};
/* End XCConfigurationList section */
	};
	rootObject = 7996A57E27909BCF00B0874C /* Project object */;
}
